
Microsoft Visual Studio Solution File, Format Version 12.00
# Visual Studio Version 17
VisualStudioVersion = 17.8.34511.84
MinimumVisualStudioVersion = 10.0.40219.1
Project("{9A19103F-16F7-4668-BE54-9A1E7A4F7556}") = "Friberg Car Rentals (Razor Pages 3)", "Friberg Car Rentals (Razor Pages 3)\Friberg Car Rentals (Razor Pages 3).csproj", "{2BDB95E8-E413-4080-BC62-8C5CBF8EDAF9}"
EndProject
Global
	GlobalSection(SolutionConfigurationPlatforms) = preSolution
		Debug|Any CPU = Debug|Any CPU
		Release|Any CPU = Release|Any CPU
	EndGlobalSection
	GlobalSection(ProjectConfigurationPlatforms) = postSolution
		{2BDB95E8-E413-4080-BC62-8C5CBF8EDAF9}.Debug|Any CPU.ActiveCfg = Debug|Any CPU
		{2BDB95E8-E413-4080-BC62-8C5CBF8EDAF9}.Debug|Any CPU.Build.0 = Debug|Any CPU
		{2BDB95E8-E413-4080-BC62-8C5CBF8EDAF9}.Release|Any CPU.ActiveCfg = Release|Any CPU
		{2BDB95E8-E413-4080-BC62-8C5CBF8EDAF9}.Release|Any CPU.Build.0 = Release|Any CPU
	EndGlobalSection
	GlobalSection(SolutionProperties) = preSolution
		HideSolutionNode = FALSE
	EndGlobalSection
	GlobalSection(ExtensibilityGlobals) = postSolution
		SolutionGuid = {243CB0F9-C149-4F10-8969-DECC9330291A}
	EndGlobalSection
EndGlobal
